
Microsoft Visual Studio Solution File, Format Version 12.00
# Visual Studio Version 17
VisualStudioVersion = 17.7.34031.279
MinimumVisualStudioVersion = 10.0.40219.1
Project("{9A19103F-16F7-4668-BE54-9A1E7A4F7556}") = "SUPERMARKET", "SUPERMARKET\SUPERMARKET.csproj", "{C1D8F571-B3AA-4143-BBA8-1654E3178553}"
EndProject
Project("{FAE04EC0-301F-11D3-BF4B-00C04F79EFBC}") = "TestProject1", "TestProject1\TestProject1.csproj", "{ADFB6D90-A04A-4FD4-8B1F-BA2EF4F3AD44}"
EndProject
Global
	GlobalSection(SolutionConfigurationPlatforms) = preSolution
		Debug|Any CPU = Debug|Any CPU
		Release|Any CPU = Release|Any CPU
	EndGlobalSection
	GlobalSection(ProjectConfigurationPlatforms) = postSolution
		{C1D8F571-B3AA-4143-BBA8-1654E3178553}.Debug|Any CPU.ActiveCfg = Debug|Any CPU
		{C1D8F571-B3AA-4143-BBA8-1654E3178553}.Debug|Any CPU.Build.0 = Debug|Any CPU
		{C1D8F571-B3AA-4143-BBA8-1654E3178553}.Release|Any CPU.ActiveCfg = Release|Any CPU
		{C1D8F571-B3AA-4143-BBA8-1654E3178553}.Release|Any CPU.Build.0 = Release|Any CPU
	EndGlobalSection
	GlobalSection(SolutionProperties) = preSolution
		HideSolutionNode = FALSE
	EndGlobalSection
	GlobalSection(ExtensibilityGlobals) = postSolution
		SolutionGuid = {97444562-C9AC-432A-A175-E20EBFE0FB1C}
	EndGlobalSection
EndGlobal
